
Microsoft Visual Studio Solution File, Format Version 12.00
# Visual Studio Version 17
VisualStudioVersion = 17.5.33103.201
MinimumVisualStudioVersion = 10.0.40219.1
Project("{8BC9CEB8-8B4A-11D0-8D11-00A0C91BC942}") = "HW33_C++base_r00_20230518", "HW33_C++base_r00_20230518.vcxproj", "{324095F0-551B-4F5E-AB8B-34DAC6DC30AF}"
EndProject
Global
	GlobalSection(SolutionConfigurationPlatforms) = preSolution
		Debug|x64 = Debug|x64
		Debug|x86 = Debug|x86
		Release|x64 = Release|x64
		Release|x86 = Release|x86
	EndGlobalSection
	GlobalSection(ProjectConfigurationPlatforms) = postSolution
		{324095F0-551B-4F5E-AB8B-34DAC6DC30AF}.Debug|x64.ActiveCfg = Debug|x64
		{324095F0-551B-4F5E-AB8B-34DAC6DC30AF}.Debug|x64.Build.0 = Debug|x64
		{324095F0-551B-4F5E-AB8B-34DAC6DC30AF}.Debug|x86.ActiveCfg = Debug|Win32
		{324095F0-551B-4F5E-AB8B-34DAC6DC30AF}.Debug|x86.Build.0 = Debug|Win32
		{324095F0-551B-4F5E-AB8B-34DAC6DC30AF}.Release|x64.ActiveCfg = Release|x64
		{324095F0-551B-4F5E-AB8B-34DAC6DC30AF}.Release|x64.Build.0 = Release|x64
		{324095F0-551B-4F5E-AB8B-34DAC6DC30AF}.Release|x86.ActiveCfg = Release|Win32
		{324095F0-551B-4F5E-AB8B-34DAC6DC30AF}.Release|x86.Build.0 = Release|Win32
	EndGlobalSection
	GlobalSection(SolutionProperties) = preSolution
		HideSolutionNode = FALSE
	EndGlobalSection
	GlobalSection(ExtensibilityGlobals) = postSolution
		SolutionGuid = {82B26FC7-6AA4-4523-8567-7C5441D64C2C}
	EndGlobalSection
EndGlobal
